version = 1
revision = 1
requires-python = ">=3.11"

[[package]]
name = "bacphen-awareness"
version = "0.1.0"
source = { editable = "." }
dependencies = [
    { name = "click" },
    { name = "deepdiff" },
    { name = "genson" },
    { name = "pymongo" },
]

[package.metadata]
requires-dist = [
    { name = "click", specifier = ">=8.2.1" },
    { name = "deepdiff", specifier = ">=8.5.0" },
    { name = "genson", specifier = ">=1.3.0" },
    { name = "pymongo", specifier = ">=4.13.2" },
]

[[package]]
name = "click"
version = "8.2.1"
source = { registry = "https://pypi.org/simple" }
dependencies = [
    { name = "colorama", marker = "sys_platform == 'win32'" },
]
sdist = { url = "https://files.pythonhosted.org/packages/60/6c/8ca2efa64cf75a977a0d7fac081354553ebe483345c734fb6b6515d96bbc/click-8.2.1.tar.gz", hash = "sha256:27c491cc05d968d271d5a1db13e3b5a184636d9d930f148c50b038f0d0646202", size = 286342 }
wheels = [
    { url = "https://files.pythonhosted.org/packages/85/32/10bb5764d90a8eee674e9dc6f4db6a0ab47c8c4d0d83c27f7c39ac415a4d/click-8.2.1-py3-none-any.whl", hash = "sha256:61a3265b914e850b85317d0b3109c7f8cd35a670f963866005d6ef1d5175a12b", size = 102215 },
]

[[package]]
name = "colorama"
version = "0.4.6"
source = { registry = "https://pypi.org/simple" }
sdist = { url = "https://files.pythonhosted.org/packages/d8/53/6f443c9a4a8358a93a6792e2acffb9d9d5cb0a5cfd8802644b7b1c9a02e4/colorama-0.4.6.tar.gz", hash = "sha256:08695f5cb7ed6e0531a20572697297273c47b8cae5a63ffc6d6ed5c201be6e44", size = 27697 }
wheels = [
    { url = "https://files.pythonhosted.org/packages/d1/d6/3965ed04c63042e047cb6a3e6ed1a63a35087b6a609aa3a15ed8ac56c221/colorama-0.4.6-py2.py3-none-any.whl", hash = "sha256:4f1d9991f5acc0ca119f9d443620b77f9d6b33703e51011c16baf57afb285fc6", size = 25335 },
]

[[package]]
name = "deepdiff"
version = "8.5.0"
source = { registry = "https://pypi.org/simple" }
dependencies = [
    { name = "orderly-set" },
]
sdist = { url = "https://files.pythonhosted.org/packages/0a/0f/9cd2624f7dcd755cbf1fa21fb7234541f19a1be96a56f387ec9053ebe220/deepdiff-8.5.0.tar.gz", hash = "sha256:a4dd3529fa8d4cd5b9cbb6e3ea9c95997eaa919ba37dac3966c1b8f872dc1cd1", size = 538517 }
wheels = [
    { url = "https://files.pythonhosted.org/packages/4a/3b/2e0797200c51531a6d8c97a8e4c9fa6fb56de7e6e2a15c1c067b6b10a0b0/deepdiff-8.5.0-py3-none-any.whl", hash = "sha256:d4599db637f36a1c285f5fdfc2cd8d38bde8d8be8636b65ab5e425b67c54df26", size = 85112 },
]

[[package]]
name = "dnspython"
version = "2.7.0"
source = { registry = "https://pypi.org/simple" }
sdist = { url = "https://files.pythonhosted.org/packages/b5/4a/263763cb2ba3816dd94b08ad3a33d5fdae34ecb856678773cc40a3605829/dnspython-2.7.0.tar.gz", hash = "sha256:ce9c432eda0dc91cf618a5cedf1a4e142651196bbcd2c80e89ed5a907e5cfaf1", size = 345197 }
wheels = [
    { url = "https://files.pythonhosted.org/packages/68/1b/e0a87d256e40e8c888847551b20a017a6b98139178505dc7ffb96f04e954/dnspython-2.7.0-py3-none-any.whl", hash = "sha256:b4c34b7d10b51bcc3a5071e7b8dee77939f1e878477eeecc965e9835f63c6c86", size = 313632 },
]

[[package]]
name = "genson"
version = "1.3.0"
source = { registry = "https://pypi.org/simple" }
sdist = { url = "https://files.pythonhosted.org/packages/c5/cf/2303c8ad276dcf5ee2ad6cf69c4338fd86ef0f471a5207b069adf7a393cf/genson-1.3.0.tar.gz", hash = "sha256:e02db9ac2e3fd29e65b5286f7135762e2cd8a986537c075b06fc5f1517308e37", size = 34919 }
wheels = [
    { url = "https://files.pythonhosted.org/packages/f8/5c/e226de133afd8bb267ec27eead9ae3d784b95b39a287ed404caab39a5f50/genson-1.3.0-py3-none-any.whl", hash = "sha256:468feccd00274cc7e4c09e84b08704270ba8d95232aa280f65b986139cec67f7", size = 21470 },
]

[[package]]
name = "orderly-set"
version = "5.5.0"
source = { registry = "https://pypi.org/simple" }
sdist = { url = "https://files.pythonhosted.org/packages/4a/88/39c83c35d5e97cc203e9e77a4f93bf87ec89cf6a22ac4818fdcc65d66584/orderly_set-5.5.0.tar.gz", hash = "sha256:e87185c8e4d8afa64e7f8160ee2c542a475b738bc891dc3f58102e654125e6ce", size = 27414 }
wheels = [
    { url = "https://files.pythonhosted.org/packages/12/27/fb8d7338b4d551900fa3e580acbe7a0cf655d940e164cb5c00ec31961094/orderly_set-5.5.0-py3-none-any.whl", hash = "sha256:46f0b801948e98f427b412fcabb831677194c05c3b699b80de260374baa0b1e7", size = 13068 },
]

[[package]]
name = "pymongo"
version = "4.13.2"
source = { registry = "https://pypi.org/simple" }
dependencies = [
    { name = "dnspython" },
]
sdist = { url = "https://files.pythonhosted.org/packages/4b/5a/d664298bf54762f0c89b8aa2c276868070e06afb853b4a8837de5741e5f9/pymongo-4.13.2.tar.gz", hash = "sha256:0f64c6469c2362962e6ce97258ae1391abba1566a953a492562d2924b44815c2", size = 2167844 }
wheels = [
    { url = "https://files.pythonhosted.org/packages/94/df/4c4ef17b48c70120f834ba7151860c300924915696c4a57170cb5b09787f/pymongo-4.13.2-cp311-cp311-macosx_10_9_x86_64.whl", hash = "sha256:7af8c56d0a7fcaf966d5292e951f308fb1f8bac080257349e14742725fd7990d", size = 857145 },
    { url = "https://files.pythonhosted.org/packages/e7/41/480ca82b3b3320fc70fe699a01df28db15a4ea154c8759ab4a437a74c808/pymongo-4.13.2-cp311-cp311-macosx_11_0_arm64.whl", hash = "sha256:ad24f5864706f052b05069a6bc59ff875026e28709548131448fe1e40fc5d80f", size = 857437 },
    { url = "https://files.pythonhosted.org/packages/50/d4/eb74e98ea980a5e1ec4f06f383ec6c52ab02076802de24268f477ef616d2/pymongo-4.13.2-cp311-cp311-manylinux_2_17_aarch64.manylinux2014_aarch64.whl", hash = "sha256:a10069454195d1d2dda98d681b1dbac9a425f4b0fe744aed5230c734021c1cb9", size = 1426516 },
    { url = "https://files.pythonhosted.org/packages/aa/fe/c5960c0e6438bd489367261e5ef1a5db01e34349f0dbf7529fb938d3d2ef/pymongo-4.13.2-cp311-cp311-manylinux_2_17_ppc64le.manylinux2014_ppc64le.whl", hash = "sha256:3e20862b81e3863bcd72334e3577a3107604553b614a8d25ee1bb2caaea4eb90", size = 1477477 },
    { url = "https://files.pythonhosted.org/packages/f6/9f/ef4395175fc97876978736c8493d8ffa4d13aa7a4e12269a2cb0d52a1246/pymongo-4.13.2-cp311-cp311-manylinux_2_17_s390x.manylinux2014_s390x.whl", hash = "sha256:6b4d5794ca408317c985d7acfb346a60f96f85a7c221d512ff0ecb3cce9d6110", size = 1451921 },
    { url = "https://files.pythonhosted.org/packages/2a/b9/397cb2a3ec03f880e882102eddcb46c3d516c6cf47a05f44db48067924d9/pymongo-4.13.2-cp311-cp311-manylinux_2_17_x86_64.manylinux2014_x86_64.whl", hash = "sha256:9c8e0420fb4901006ae7893e76108c2a36a343b4f8922466d51c45e9e2ceb717", size = 1431045 },
    { url = "https://files.pythonhosted.org/packages/f5/0d/e150a414e5cb07f2fefca817fa071a6da8d96308469a85a777244c8c4337/pymongo-4.13.2-cp311-cp311-manylinux_2_5_i686.manylinux1_i686.manylinux_2_17_i686.manylinux2014_i686.whl", hash = "sha256:239b5f83b83008471d54095e145d4c010f534af99e87cc8877fc6827736451a0", size = 1399697 },
    { url = "https://files.pythonhosted.org/packages/b8/29/5190eafb994721c30a38a8a62df225c47a9da364ab5c8cffe90aabf6a54e/pymongo-4.13.2-cp311-cp311-win32.whl", hash = "sha256:6bceb524110c32319eb7119422e400dbcafc5b21bcc430d2049a894f69b604e5", size = 836261 },
    { url = "https://files.pythonhosted.org/packages/d3/da/30bdcc83b23fc4f2996b39b41b2ff0ff2184230a78617c7b8636aac4d81d/pymongo-4.13.2-cp311-cp311-win_amd64.whl", hash = "sha256:ab87484c97ae837b0a7bbdaa978fa932fbb6acada3f42c3b2bee99121a594715", size = 851451 },
    { url = "https://files.pythonhosted.org/packages/03/e0/0e187750e23eed4227282fcf568fdb61f2b53bbcf8cbe3a71dde2a860d12/pymongo-4.13.2-cp312-cp312-macosx_10_13_x86_64.whl", hash = "sha256:ec89516622dfc8b0fdff499612c0bd235aa45eeb176c9e311bcc0af44bf952b6", size = 912004 },
    { url = "https://files.pythonhosted.org/packages/57/c2/9b79795382daaf41e5f7379bffdef1880d68160adea352b796d6948cb5be/pymongo-4.13.2-cp312-cp312-macosx_11_0_arm64.whl", hash = "sha256:f30eab4d4326df54fee54f31f93e532dc2918962f733ee8e115b33e6fe151d92", size = 911698 },
    { url = "https://files.pythonhosted.org/packages/6f/e4/f04dc9ed5d1d9dbc539dc2d8758dd359c5373b0e06fcf25418b2c366737c/pymongo-4.13.2-cp312-cp312-manylinux_2_17_aarch64.manylinux2014_aarch64.whl", hash = "sha256:0cce9428d12ba396ea245fc4c51f20228cead01119fcc959e1c80791ea45f820", size = 1690357 },
    { url = "https://files.pythonhosted.org/packages/bb/de/41478a7d527d38f1b98b084f4a78bbb805439a6ebd8689fbbee0a3dfacba/pymongo-4.13.2-cp312-cp312-manylinux_2_17_ppc64le.manylinux2014_ppc64le.whl", hash = "sha256:ac9241b727a69c39117c12ac1e52d817ea472260dadc66262c3fdca0bab0709b", size = 1754593 },
    { url = "https://files.pythonhosted.org/packages/df/d9/8fa2eb110291e154f4312779b1a5b815090b8b05a59ecb4f4a32427db1df/pymongo-4.13.2-cp312-cp312-manylinux_2_17_s390x.manylinux2014_s390x.whl", hash = "sha256:3efc4c515b371a9fa1d198b6e03340985bfe1a55ae2d2b599a714934e7bc61ab", size = 1723637 },
    { url = "https://files.pythonhosted.org/packages/27/7b/9863fa60a4a51ea09f5e3cd6ceb231af804e723671230f2daf3bd1b59c2b/pymongo-4.13.2-cp312-cp312-manylinux_2_17_x86_64.manylinux2014_x86_64.whl", hash = "sha256:f57a664aa74610eb7a52fa93f2cf794a1491f4f76098343485dd7da5b3bcff06", size = 1693613 },
    { url = "https://files.pythonhosted.org/packages/9b/89/a42efa07820a59089836f409a63c96e7a74e33313e50dc39c554db99ac42/pymongo-4.13.2-cp312-cp312-manylinux_2_5_i686.manylinux1_i686.manylinux_2_17_i686.manylinux2014_i686.whl", hash = "sha256:3dcb0b8cdd499636017a53f63ef64cf9b6bd3fd9355796c5a1d228e4be4a4c94", size = 1652745 },
    { url = "https://files.pythonhosted.org/packages/6a/cf/2c77d1acda61d281edd3e3f00d5017d3fac0c29042c769efd3b8018cb469/pymongo-4.13.2-cp312-cp312-win32.whl", hash = "sha256:bf43ae07804d7762b509f68e5ec73450bb8824e960b03b861143ce588b41f467", size = 883232 },
    { url = "https://files.pythonhosted.org/packages/d2/4f/727f59156e3798850c3c2901f106804053cb0e057ed1bd9883f5fa5aa8fa/pymongo-4.13.2-cp312-cp312-win_amd64.whl", hash = "sha256:812a473d584bcb02ab819d379cd5e752995026a2bb0d7713e78462b6650d3f3a", size = 903304 },
    { url = "https://files.pythonhosted.org/packages/e0/95/b44b8e24b161afe7b244f6d43c09a7a1f93308cad04198de1c14c67b24ce/pymongo-4.13.2-cp313-cp313-macosx_10_13_x86_64.whl", hash = "sha256:d6044ca0eb74d97f7d3415264de86a50a401b7b0b136d30705f022f9163c3124", size = 966232 },
    { url = "https://files.pythonhosted.org/packages/6d/fc/d4d59799a52033acb187f7bd1f09bc75bebb9fd12cef4ba2964d235ad3f9/pymongo-4.13.2-cp313-cp313-macosx_11_0_arm64.whl", hash = "sha256:dd326bcb92d28d28a3e7ef0121602bad78691b6d4d1f44b018a4616122f1ba8b", size = 965935 },
    { url = "https://files.pythonhosted.org/packages/07/a8/67502899d89b317ea9952e4769bc193ca15efee561b24b38a86c59edde6f/pymongo-4.13.2-cp313-cp313-manylinux_2_17_aarch64.manylinux2014_aarch64.whl", hash = "sha256:dfb0c21bdd58e58625c9cd8de13e859630c29c9537944ec0a14574fdf88c2ac4", size = 1954070 },
    { url = "https://files.pythonhosted.org/packages/da/3b/0dac5d81d1af1b96b3200da7ccc52fc261a35efb7d2ac493252eb40a2b11/pymongo-4.13.2-cp313-cp313-manylinux_2_17_ppc64le.manylinux2014_ppc64le.whl", hash = "sha256:c9c7d345d57f17b1361008aea78a37e8c139631a46aeb185dd2749850883c7ba", size = 2031424 },
    { url = "https://files.pythonhosted.org/packages/31/ed/7a5af49a153224ca7e31e9915703e612ad9c45808cc39540e9dd1a2a7537/pymongo-4.13.2-cp313-cp313-manylinux_2_17_s390x.manylinux2014_s390x.whl", hash = "sha256:8860445a8da1b1545406fab189dc20319aff5ce28e65442b2b4a8f4228a88478", size = 1995339 },
    { url = "https://files.pythonhosted.org/packages/f1/e9/9c72eceae8439c4f1bdebc4e6b290bf035e3f050a80eeb74abb5e12ef8e2/pymongo-4.13.2-cp313-cp313-manylinux_2_17_x86_64.manylinux2014_x86_64.whl", hash = "sha256:01c184b612f67d5a4c8f864ae7c40b6cc33c0e9bb05e39d08666f8831d120504", size = 1956066 },
    { url = "https://files.pythonhosted.org/packages/ac/79/9b019c47923395d5fced03856996465fb9340854b0f5a2ddf16d47e2437c/pymongo-4.13.2-cp313-cp313-manylinux_2_5_i686.manylinux1_i686.manylinux_2_17_i686.manylinux2014_i686.whl", hash = "sha256:ae2ea8c62d5f3c6529407c12471385d9a05f9fb890ce68d64976340c85cd661b", size = 1905642 },
    { url = "https://files.pythonhosted.org/packages/93/2f/ebf56c7fa9298fa2f9716e7b66cf62b29e7fc6e11774f3b87f55d214d466/pymongo-4.13.2-cp313-cp313-win32.whl", hash = "sha256:d13556e91c4a8cb07393b8c8be81e66a11ebc8335a40fa4af02f4d8d3b40c8a1", size = 930184 },
    { url = "https://files.pythonhosted.org/packages/76/2f/49c35464cbd5d116d950ff5d24b4b20491aaae115d35d40b945c33b29250/pymongo-4.13.2-cp313-cp313-win_amd64.whl", hash = "sha256:cfc69d7bc4d4d5872fd1e6de25e6a16e2372c7d5556b75c3b8e2204dce73e3fb", size = 955111 },
    { url = "https://files.pythonhosted.org/packages/57/56/b17c8b5329b1842b7847cf0fa224ef0a272bf2e5126360f4da8065c855a1/pymongo-4.13.2-cp313-cp313t-macosx_10_13_x86_64.whl", hash = "sha256:a457d2ac34c05e9e8a6bb724115b093300bf270f0655fb897df8d8604b2e3700", size = 1022735 },
    { url = "https://files.pythonhosted.org/packages/83/e6/66fec65a7919bf5f35be02e131b4dc4bf3152b5e8d78cd04b6d266a44514/pymongo-4.13.2-cp313-cp313t-macosx_11_0_arm64.whl", hash = "sha256:02f131a6e61559613b1171b53fbe21fed64e71b0cb4858c47fc9bc7c8e0e501c", size = 1022740 },
    { url = "https://files.pythonhosted.org/packages/17/92/cda7383df0d5e71dc007f172c1ecae6313d64ea05d82bbba06df7f6b3e49/pymongo-4.13.2-cp313-cp313t-manylinux_2_17_aarch64.manylinux2014_aarch64.whl", hash = "sha256:8c942d1c6334e894271489080404b1a2e3b8bd5de399f2a0c14a77d966be5bc9", size = 2282430 },
    { url = "https://files.pythonhosted.org/packages/84/da/285e05eb1d617b30dc7a7a98ebeb264353a8903e0e816a4eec6487c81f18/pymongo-4.13.2-cp313-cp313t-manylinux_2_17_ppc64le.manylinux2014_ppc64le.whl", hash = "sha256:850168d115680ab66a0931a6aa9dd98ed6aa5e9c3b9a6c12128049b9a5721bc5", size = 2369470 },
    { url = "https://files.pythonhosted.org/packages/89/c0/c0d5eae236de9ca293497dc58fc1e4872382223c28ec223f76afc701392c/pymongo-4.13.2-cp313-cp313t-manylinux_2_17_s390x.manylinux2014_s390x.whl", hash = "sha256:af7dfff90647ee77c53410f7fe8ca4fe343f8b768f40d2d0f71a5602f7b5a541", size = 2328857 },
    { url = "https://files.pythonhosted.org/packages/2b/5a/d8639fba60def128ce9848b99c56c54c8a4d0cd60342054cd576f0bfdf26/pymongo-4.13.2-cp313-cp313t-manylinux_2_17_x86_64.manylinux2014_x86_64.whl", hash = "sha256:f8057f9bc9c94a8fd54ee4f5e5106e445a8f406aff2df74746f21c8791ee2403", size = 2280053 },
    { url = "https://files.pythonhosted.org/packages/a1/69/d56f0897cc4932a336820c5d2470ffed50be04c624b07d1ad6ea75aaa975/pymongo-4.13.2-cp313-cp313t-manylinux_2_5_i686.manylinux1_i686.manylinux_2_17_i686.manylinux2014_i686.whl", hash = "sha256:51040e1ba78d6671f8c65b29e2864483451e789ce93b1536de9cc4456ede87fa", size = 2219378 },
    { url = "https://files.pythonhosted.org/packages/04/1e/427e7f99801ee318b6331062d682d3816d7e1d6b6013077636bd75d49c87/pymongo-4.13.2-cp313-cp313t-win32.whl", hash = "sha256:7ab86b98a18c8689514a9f8d0ec7d9ad23a949369b31c9a06ce4a45dcbffcc5e", size = 979460 },
    { url = "https://files.pythonhosted.org/packages/b5/9c/00301a6df26f0f8d5c5955192892241e803742e7c3da8c2c222efabc0df6/pymongo-4.13.2-cp313-cp313t-win_amd64.whl", hash = "sha256:c38168263ed94a250fc5cf9c6d33adea8ab11c9178994da1c3481c2a49d235f8", size = 1011057 },
]
